
Microsoft Visual Studio Solution File, Format Version 12.00
# Visual Studio Version 17
VisualStudioVersion = 17.10.35122.118
MinimumVisualStudioVersion = 10.0.40219.1
Project("{FAE04EC0-301F-11D3-BF4B-00C04F79EFBC}") = "PrimeiroMVC", "PrimeiroMVC\PrimeiroMVC.csproj", "{7705165E-B776-4FE7-A9EE-2AA0357B5962}"
EndProject
Global
	GlobalSection(SolutionConfigurationPlatforms) = preSolution
		Debug|Any CPU = Debug|Any CPU
		Release|Any CPU = Release|Any CPU
	EndGlobalSection
	GlobalSection(ProjectConfigurationPlatforms) = postSolution
		{7705165E-B776-4FE7-A9EE-2AA0357B5962}.Debug|Any CPU.ActiveCfg = Debug|Any CPU
		{7705165E-B776-4FE7-A9EE-2AA0357B5962}.Debug|Any CPU.Build.0 = Debug|Any CPU
		{7705165E-B776-4FE7-A9EE-2AA0357B5962}.Release|Any CPU.ActiveCfg = Release|Any CPU
		{7705165E-B776-4FE7-A9EE-2AA0357B5962}.Release|Any CPU.Build.0 = Release|Any CPU
	EndGlobalSection
	GlobalSection(SolutionProperties) = preSolution
		HideSolutionNode = FALSE
	EndGlobalSection
	GlobalSection(ExtensibilityGlobals) = postSolution
		SolutionGuid = {2832844C-90E7-4395-9276-3B372E8B927F}
	EndGlobalSection
EndGlobal
